// !$*UTF8*$!
{
	archiveVersion = 1;
	classes = {
	};
	objectVersion = 50;
	objects = {

/* Begin PBXBuildFile section */
		13717A4F28E2B0DA00FE9701 /* AppDelegate.swift in Sources */ = {isa = PBXBuildFile; fileRef = 13717A4E28E2B0DA00FE9701 /* AppDelegate.swift */; };
		13717A5128E2B0DA00FE9701 /* ViewController.swift in Sources */ = {isa = PBXBuildFile; fileRef = 13717A5028E2B0DA00FE9701 /* ViewController.swift */; };
		13717A5428E2B0DA00FE9701 /* Main.storyboard in Resources */ = {isa = PBXBuildFile; fileRef = 13717A5228E2B0DA00FE9701 /* Main.storyboard */; };
		13717A5628E2B0DA00FE9701 /* Assets.xcassets in Resources */ = {isa = PBXBuildFile; fileRef = 13717A5528E2B0DA00FE9701 /* Assets.xcassets */; };
		13717A5928E2B0DA00FE9701 /* LaunchScreen.storyboard in Resources */ = {isa = PBXBuildFile; fileRef = 13717A5728E2B0DA00FE9701 /* LaunchScreen.storyboard */; };
		13717A6A28E4112D00FE9701 /* CollectionViewCell.swift in Sources */ = {isa = PBXBuildFile; fileRef = 13717A6928E4112D00FE9701 /* CollectionViewCell.swift */; };
		13717A8C28E579E800FE9701 /* MyCollectionViewCell.swift in Sources */ = {isa = PBXBuildFile; fileRef = 13717A8B28E579E800FE9701 /* MyCollectionViewCell.swift */; };
		13717A8E28E57BBB00FE9701 /* MyTableViewCell.swift in Sources */ = {isa = PBXBuildFile; fileRef = 13717A8D28E57BBB00FE9701 /* MyTableViewCell.swift */; };
		13717A9028E57F5400FE9701 /* MovieData.swift in Sources */ = {isa = PBXBuildFile; fileRef = 13717A8F28E57F5400FE9701 /* MovieData.swift */; };
/* End PBXBuildFile section */

/* Begin PBXFileReference section */
		13717A4B28E2B0DA00FE9701 /* Tubelight_demo_ios.app */ = {isa = PBXFileReference; explicitFileType = wrapper.application; includeInIndex = 0; path = Tubelight_demo_ios.app; sourceTree = BUILT_PRODUCTS_DIR; };
		13717A4E28E2B0DA00FE9701 /* AppDelegate.swift */ = {isa = PBXFileReference; lastKnownFileType = sourcecode.swift; path = AppDelegate.swift; sourceTree = "<group>"; };
		13717A5028E2B0DA00FE9701 /* ViewController.swift */ = {isa = PBXFileReference; lastKnownFileType = sourcecode.swift; path = ViewController.swift; sourceTree = "<group>"; };
		13717A5328E2B0DA00FE9701 /* Base */ = {isa = PBXFileReference; lastKnownFileType = file.storyboard; name = Base; path = Base.lproj/Main.storyboard; sourceTree = "<group>"; };
		13717A5528E2B0DA00FE9701 /* Assets.xcassets */ = {isa = PBXFileReference; lastKnownFileType = folder.assetcatalog; path = Assets.xcassets; sourceTree = "<group>"; };
		13717A5828E2B0DA00FE9701 /* Base */ = {isa = PBXFileReference; lastKnownFileType = file.storyboard; name = Base; path = Base.lproj/LaunchScreen.storyboard; sourceTree = "<group>"; };
		13717A5A28E2B0DA00FE9701 /* Info.plist */ = {isa = PBXFileReference; lastKnownFileType = text.plist.xml; path = Info.plist; sourceTree = "<group>"; };
		13717A6928E4112D00FE9701 /* CollectionViewCell.swift */ = {isa = PBXFileReference; lastKnownFileType = sourcecode.swift; path = CollectionViewCell.swift; sourceTree = "<group>"; };
		13717A8B28E579E800FE9701 /* MyCollectionViewCell.swift */ = {isa = PBXFileReference; lastKnownFileType = sourcecode.swift; path = MyCollectionViewCell.swift; sourceTree = "<group>"; };
		13717A8D28E57BBB00FE9701 /* MyTableViewCell.swift */ = {isa = PBXFileReference; lastKnownFileType = sourcecode.swift; path = MyTableViewCell.swift; sourceTree = "<group>"; };
		13717A8F28E57F5400FE9701 /* MovieData.swift */ = {isa = PBXFileReference; lastKnownFileType = sourcecode.swift; path = MovieData.swift; sourceTree = "<group>"; };
/* End PBXFileReference section */

/* Begin PBXFrameworksBuildPhase section */
		13717A4828E2B0DA00FE9701 /* Frameworks */ = {
			isa = PBXFrameworksBuildPhase;
			buildActionMask = 2147483647;
			files = (
			);
			runOnlyForDeploymentPostprocessing = 0;
		};
/* End PBXFrameworksBuildPhase section */

/* Begin PBXGroup section */
		13717A4228E2B0D900FE9701 = {
			isa = PBXGroup;
			children = (
				13717A4D28E2B0DA00FE9701 /* Tubelight_demo_ios */,
				13717A4C28E2B0DA00FE9701 /* Products */,
			);
			sourceTree = "<group>";
		};
		13717A4C28E2B0DA00FE9701 /* Products */ = {
			isa = PBXGroup;
			children = (
				13717A4B28E2B0DA00FE9701 /* Tubelight_demo_ios.app */,
			);
			name = Products;
			sourceTree = "<group>";
		};
		13717A4D28E2B0DA00FE9701 /* Tubelight_demo_ios */ = {
			isa = PBXGroup;
			children = (
				13717A6628E2D4A500FE9701 /* DataManagers */,
				13717A6528E2D49B00FE9701 /* Extensions */,
				13717A6428E2D49300FE9701 /* Models */,
				13717A6228E2D38200FE9701 /* Delegates */,
				13717A6128E2D37600FE9701 /* Controllers */,
				13717A6028E2D35600FE9701 /* Views */,
				13717A6328E2D43C00FE9701 /* Resources */,
				13717A5A28E2B0DA00FE9701 /* Info.plist */,
			);
			path = Tubelight_demo_ios;
			sourceTree = "<group>";
		};
		13717A6028E2D35600FE9701 /* Views */ = {
			isa = PBXGroup;
			children = (
				13717A5228E2B0DA00FE9701 /* Main.storyboard */,
				13717A5728E2B0DA00FE9701 /* LaunchScreen.storyboard */,
			);
			path = Views;
			sourceTree = "<group>";
		};
		13717A6128E2D37600FE9701 /* Controllers */ = {
			isa = PBXGroup;
			children = (
				13717A5028E2B0DA00FE9701 /* ViewController.swift */,
			);
			path = Controllers;
			sourceTree = "<group>";
		};
		13717A6228E2D38200FE9701 /* Delegates */ = {
			isa = PBXGroup;
			children = (
				13717A4E28E2B0DA00FE9701 /* AppDelegate.swift */,
			);
			path = Delegates;
			sourceTree = "<group>";
		};
		13717A6328E2D43C00FE9701 /* Resources */ = {
			isa = PBXGroup;
			children = (
				13717A5528E2B0DA00FE9701 /* Assets.xcassets */,
			);
			path = Resources;
			sourceTree = "<group>";
		};
		13717A6428E2D49300FE9701 /* Models */ = {
			isa = PBXGroup;
			children = (
				13717A8F28E57F5400FE9701 /* MovieData.swift */,
			);
			path = Models;
			sourceTree = "<group>";
		};
		13717A6528E2D49B00FE9701 /* Extensions */ = {
			isa = PBXGroup;
			children = (
			);
			path = Extensions;
			sourceTree = "<group>";
		};
		13717A6628E2D4A500FE9701 /* DataManagers */ = {
			isa = PBXGroup;
			children = (
				13717A6928E4112D00FE9701 /* CollectionViewCell.swift */,
				13717A8B28E579E800FE9701 /* MyCollectionViewCell.swift */,
				13717A8D28E57BBB00FE9701 /* MyTableViewCell.swift */,
			);
			path = DataManagers;
			sourceTree = "<group>";
		};
/* End PBXGroup section */

/* Begin PBXNativeTarget section */
		13717A4A28E2B0DA00FE9701 /* Tubelight_demo_ios */ = {
			isa = PBXNativeTarget;
			buildConfigurationList = 13717A5D28E2B0DA00FE9701 /* Build configuration list for PBXNativeTarget "Tubelight_demo_ios" */;
			buildPhases = (
				13717A4728E2B0DA00FE9701 /* Sources */,
				13717A4828E2B0DA00FE9701 /* Frameworks */,
				13717A4928E2B0DA00FE9701 /* Resources */,
			);
			buildRules = (
			);
			dependencies = (
			);
			name = Tubelight_demo_ios;
			productName = Tubelight_demo_ios;
			productReference = 13717A4B28E2B0DA00FE9701 /* Tubelight_demo_ios.app */;
			productType = "com.apple.product-type.application";
		};
/* End PBXNativeTarget section */

/* Begin PBXProject section */
		13717A4328E2B0D900FE9701 /* Project object */ = {
			isa = PBXProject;
			attributes = {
				LastSwiftUpdateCheck = 1020;
				LastUpgradeCheck = 1020;
				ORGANIZATIONNAME = Diagnal;
				TargetAttributes = {
					13717A4A28E2B0DA00FE9701 = {
						CreatedOnToolsVersion = 10.2;
					};
				};
			};
			buildConfigurationList = 13717A4628E2B0D900FE9701 /* Build configuration list for PBXProject "Tubelight_demo_ios" */;
			compatibilityVersion = "Xcode 9.3";
			developmentRegion = en;
			hasScannedForEncodings = 0;
			knownRegions = (
				en,
				Base,
			);
			mainGroup = 13717A4228E2B0D900FE9701;
			productRefGroup = 13717A4C28E2B0DA00FE9701 /* Products */;
			projectDirPath = "";
			projectRoot = "";
			targets = (
				13717A4A28E2B0DA00FE9701 /* Tubelight_demo_ios */,
			);
		};
/* End PBXProject section */

/* Begin PBXResourcesBuildPhase section */
		13717A4928E2B0DA00FE9701 /* Resources */ = {
			isa = PBXResourcesBuildPhase;
			buildActionMask = 2147483647;
			files = (
				13717A5928E2B0DA00FE9701 /* LaunchScreen.storyboard in Resources */,
				13717A5628E2B0DA00FE9701 /* Assets.xcassets in Resources */,
				13717A5428E2B0DA00FE9701 /* Main.storyboard in Resources */,
			);
			runOnlyForDeploymentPostprocessing = 0;
		};
/* End PBXResourcesBuildPhase section */

/* Begin PBXSourcesBuildPhase section */
		13717A4728E2B0DA00FE9701 /* Sources */ = {
			isa = PBXSourcesBuildPhase;
			buildActionMask = 2147483647;
			files = (
				13717A9028E57F5400FE9701 /* MovieData.swift in Sources */,
				13717A5128E2B0DA00FE9701 /* ViewController.swift in Sources */,
				13717A6A28E4112D00FE9701 /* CollectionViewCell.swift in Sources */,
				13717A8C28E579E800FE9701 /* MyCollectionViewCell.swift in Sources */,
				13717A8E28E57BBB00FE9701 /* MyTableViewCell.swift in Sources */,
				13717A4F28E2B0DA00FE9701 /* AppDelegate.swift in Sources */,
			);
			runOnlyForDeploymentPostprocessing = 0;
		};
/* End PBXSourcesBuildPhase section */

/* Begin PBXVariantGroup section */
		13717A5228E2B0DA00FE9701 /* Main.storyboard */ = {
			isa = PBXVariantGroup;
			children = (
				13717A5328E2B0DA00FE9701 /* Base */,
			);
			name = Main.storyboard;
			sourceTree = "<group>";
		};
		13717A5728E2B0DA00FE9701 /* LaunchScreen.storyboard */ = {
			isa = PBXVariantGroup;
			children = (
				13717A5828E2B0DA00FE9701 /* Base */,
			);
			name = LaunchScreen.storyboard;
			sourceTree = "<group>";
		};
/* End PBXVariantGroup section */

/* Begin XCBuildConfiguration section */
		13717A5B28E2B0DA00FE9701 /* Debug */ = {
			isa = XCBuildConfiguration;
			buildSettings = {
				ALWAYS_SEARCH_USER_PATHS = NO;
				CLANG_ANALYZER_NONNULL = YES;
				CLANG_ANALYZER_NUMBER_OBJECT_CONVERSION = YES_AGGRESSIVE;
				CLANG_CXX_LANGUAGE_STANDARD = "gnu++14";
				CLANG_CXX_LIBRARY = "libc++";
				CLANG_ENABLE_MODULES = YES;
				CLANG_ENABLE_OBJC_ARC = YES;
				CLANG_ENABLE_OBJC_WEAK = YES;
				CLANG_WARN_BLOCK_CAPTURE_AUTORELEASING = YES;
				CLANG_WARN_BOOL_CONVERSION = YES;
				CLANG_WARN_COMMA = YES;
				CLANG_WARN_CONSTANT_CONVERSION = YES;
				CLANG_WARN_DEPRECATED_OBJC_IMPLEMENTATIONS = YES;
				CLANG_WARN_DIRECT_OBJC_ISA_USAGE = YES_ERROR;
				CLANG_WARN_DOCUMENTATION_COMMENTS = YES;
				CLANG_WARN_EMPTY_BODY = YES;
				CLANG_WARN_ENUM_CONVERSION = YES;
				CLANG_WARN_INFINITE_RECURSION = YES;
				CLANG_WARN_INT_CONVERSION = YES;
				CLANG_WARN_NON_LITERAL_NULL_CONVERSION = YES;
				CLANG_WARN_OBJC_IMPLICIT_RETAIN_SELF = YES;
				CLANG_WARN_OBJC_LITERAL_CONVERSION = YES;
				CLANG_WARN_OBJC_ROOT_CLASS = YES_ERROR;
				CLANG_WARN_RANGE_LOOP_ANALYSIS = YES;
				CLANG_WARN_STRICT_PROTOTYPES = YES;
				CLANG_WARN_SUSPICIOUS_MOVE = YES;
				CLANG_WARN_UNGUARDED_AVAILABILITY = YES_AGGRESSIVE;
				CLANG_WARN_UNREACHABLE_CODE = YES;
				CLANG_WARN__DUPLICATE_METHOD_MATCH = YES;
				CODE_SIGN_IDENTITY = "iPhone Developer";
				COPY_PHASE_STRIP = NO;
				DEBUG_INFORMATION_FORMAT = dwarf;
				ENABLE_STRICT_OBJC_MSGSEND = YES;
				ENABLE_TESTABILITY = YES;
				GCC_C_LANGUAGE_STANDARD = gnu11;
				GCC_DYNAMIC_NO_PIC = NO;
				GCC_NO_COMMON_BLOCKS = YES;
				GCC_OPTIMIZATION_LEVEL = 0;
				GCC_PREPROCESSOR_DEFINITIONS = (
					"DEBUG=1",
					"$(inherited)",
				);
				GCC_WARN_64_TO_32_BIT_CONVERSION = YES;
				GCC_WARN_ABOUT_RETURN_TYPE = YES_ERROR;
				GCC_WARN_UNDECLARED_SELECTOR = YES;
				GCC_WARN_UNINITIALIZED_AUTOS = YES_AGGRESSIVE;
				GCC_WARN_UNUSED_FUNCTION = YES;
				GCC_WARN_UNUSED_VARIABLE = YES;
				IPHONEOS_DEPLOYMENT_TARGET = 12.2;
				MTL_ENABLE_DEBUG_INFO = INCLUDE_SOURCE;
				MTL_FAST_MATH = YES;
				ONLY_ACTIVE_ARCH = YES;
				SDKROOT = iphoneos;
				SWIFT_ACTIVE_COMPILATION_CONDITIONS = DEBUG;
				SWIFT_OPTIMIZATION_LEVEL = "-Onone";
			};
			name = Debug;
		};
		13717A5C28E2B0DA00FE9701 /* Release */ = {
			isa = XCBuildConfiguration;
			buildSettings = {
				ALWAYS_SEARCH_USER_PATHS = NO;
				CLANG_ANALYZER_NONNULL = YES;
				CLANG_ANALYZER_NUMBER_OBJECT_CONVERSION = YES_AGGRESSIVE;
				CLANG_CXX_LANGUAGE_STANDARD = "gnu++14";
				CLANG_CXX_LIBRARY = "libc++";
				CLANG_ENABLE_MODULES = YES;
				CLANG_ENABLE_OBJC_ARC = YES;
				CLANG_ENABLE_OBJC_WEAK = YES;
				CLANG_WARN_BLOCK_CAPTURE_AUTORELEASING = YES;
				CLANG_WARN_BOOL_CONVERSION = YES;
				CLANG_WARN_COMMA = YES;
				CLANG_WARN_CONSTANT_CONVERSION = YES;
				CLANG_WARN_DEPRECATED_OBJC_IMPLEMENTATIONS = YES;
				CLANG_WARN_DIRECT_OBJC_ISA_USAGE = YES_ERROR;
				CLANG_WARN_DOCUMENTATION_COMMENTS = YES;
				CLANG_WARN_EMPTY_BODY = YES;
				CLANG_WARN_ENUM_CONVERSION = YES;
				CLANG_WARN_INFINITE_RECURSION = YES;
				CLANG_WARN_INT_CONVERSION = YES;
				CLANG_WARN_NON_LITERAL_NULL_CONVERSION = YES;
				CLANG_WARN_OBJC_IMPLICIT_RETAIN_SELF = YES;
				CLANG_WARN_OBJC_LITERAL_CONVERSION = YES;
				CLANG_WARN_OBJC_ROOT_CLASS = YES_ERROR;
				CLANG_WARN_RANGE_LOOP_ANALYSIS = YES;
				CLANG_WARN_STRICT_PROTOTYPES = YES;
				CLANG_WARN_SUSPICIOUS_MOVE = YES;
				CLANG_WARN_UNGUARDED_AVAILABILITY = YES_AGGRESSIVE;
				CLANG_WARN_UNREACHABLE_CODE = YES;
				CLANG_WARN__DUPLICATE_METHOD_MATCH = YES;
				CODE_SIGN_IDENTITY = "iPhone Developer";
				COPY_PHASE_STRIP = NO;
				DEBUG_INFORMATION_FORMAT = "dwarf-with-dsym";
				ENABLE_NS_ASSERTIONS = NO;
				ENABLE_STRICT_OBJC_MSGSEND = YES;
				GCC_C_LANGUAGE_STANDARD = gnu11;
				GCC_NO_COMMON_BLOCKS = YES;
				GCC_WARN_64_TO_32_BIT_CONVERSION = YES;
				GCC_WARN_ABOUT_RETURN_TYPE = YES_ERROR;
				GCC_WARN_UNDECLARED_SELECTOR = YES;
				GCC_WARN_UNINITIALIZED_AUTOS = YES_AGGRESSIVE;
				GCC_WARN_UNUSED_FUNCTION = YES;
				GCC_WARN_UNUSED_VARIABLE = YES;
				IPHONEOS_DEPLOYMENT_TARGET = 12.2;
				MTL_ENABLE_DEBUG_INFO = NO;
				MTL_FAST_MATH = YES;
				SDKROOT = iphoneos;
				SWIFT_COMPILATION_MODE = wholemodule;
				SWIFT_OPTIMIZATION_LEVEL = "-O";
				VALIDATE_PRODUCT = YES;
			};
			name = Release;
		};
		13717A5E28E2B0DA00FE9701 /* Debug */ = {
			isa = XCBuildConfiguration;
			buildSettings = {
				ASSETCATALOG_COMPILER_APPICON_NAME = AppIcon;
				CODE_SIGN_STYLE = Automatic;
				INFOPLIST_FILE = Tubelight_demo_ios/Info.plist;
				LD_RUNPATH_SEARCH_PATHS = (
					"$(inherited)",
					"@executable_path/Frameworks",
				);
				PRODUCT_BUNDLE_IDENTIFIER = "m.Tubelight-demo-ios";
				PRODUCT_NAME = "$(TARGET_NAME)";
				SWIFT_VERSION = 5.0;
				TARGETED_DEVICE_FAMILY = "1,2";
			};
			name = Debug;
		};
		13717A5F28E2B0DA00FE9701 /* Release */ = {
			isa = XCBuildConfiguration;
			buildSettings = {
				ASSETCATALOG_COMPILER_APPICON_NAME = AppIcon;
				CODE_SIGN_STYLE = Automatic;
				INFOPLIST_FILE = Tubelight_demo_ios/Info.plist;
				LD_RUNPATH_SEARCH_PATHS = (
					"$(inherited)",
					"@executable_path/Frameworks",
				);
				PRODUCT_BUNDLE_IDENTIFIER = "m.Tubelight-demo-ios";
				PRODUCT_NAME = "$(TARGET_NAME)";
				SWIFT_VERSION = 5.0;
				TARGETED_DEVICE_FAMILY = "1,2";
			};
			name = Release;
		};
/* End XCBuildConfiguration section */

/* Begin XCConfigurationList section */
		13717A4628E2B0D900FE9701 /* Build configuration list for PBXProject "Tubelight_demo_ios" */ = {
			isa = XCConfigurationList;
			buildConfigurations = (
				13717A5B28E2B0DA00FE9701 /* Debug */,
				13717A5C28E2B0DA00FE9701 /* Release */,
			);
			defaultConfigurationIsVisible = 0;
			defaultConfigurationName = Release;
		};
		13717A5D28E2B0DA00FE9701 /* Build configuration list for PBXNativeTarget "Tubelight_demo_ios" */ = {
			isa = XCConfigurationList;
			buildConfigurations = (
				13717A5E28E2B0DA00FE9701 /* Debug */,
				13717A5F28E2B0DA00FE9701 /* Release */,
			);
			defaultConfigurationIsVisible = 0;
			defaultConfigurationName = Release;
		};
/* End XCConfigurationList section */
	};
	rootObject = 13717A4328E2B0D900FE9701 /* Project object */;
}
